
Microsoft Visual Studio Solution File, Format Version 12.00
# Visual Studio Version 17
VisualStudioVersion = 17.11.35327.3
MinimumVisualStudioVersion = 10.0.40219.1
Project("{9A19103F-16F7-4668-BE54-9A1E7A4F7556}") = "PrimeiroPrograma", "PrimeiroPrograma\PrimeiroPrograma.csproj", "{0425BD1C-582C-44AC-B26E-D464AF3018C2}"
EndProject
Project("{9A19103F-16F7-4668-BE54-9A1E7A4F7556}") = "StatusAluno", "StatusAluno\StatusAluno.csproj", "{B935222D-9860-4EB2-8B96-5E3EA3BFA8B9}"
EndProject
Project("{9A19103F-16F7-4668-BE54-9A1E7A4F7556}") = "Exercicio2", "Exercicio2\Exercicio2.csproj", "{EB275E88-3458-4BFA-84A2-282FC392DAE3}"
EndProject
Project("{9A19103F-16F7-4668-BE54-9A1E7A4F7556}") = "Exercicio3", "Exercicio3\Exercicio3.csproj", "{FB33CBBD-7CD3-4A8F-B72E-2D0147E39AF8}"
EndProject
Project("{9A19103F-16F7-4668-BE54-9A1E7A4F7556}") = "Exercicio4", "Exercicio4\Exercicio4.csproj", "{1BB7A086-AECD-4101-8480-0519EE0623C6}"
EndProject
Project("{9A19103F-16F7-4668-BE54-9A1E7A4F7556}") = "Exercicio5", "Exercicio5\Exercicio5.csproj", "{A6A56336-06FE-4A4C-A578-04BC1B8B0103}"
EndProject
Project("{9A19103F-16F7-4668-BE54-9A1E7A4F7556}") = "Exercicio6", "Exercicio6\Exercicio6.csproj", "{6E75F24F-99C8-4774-9865-7662B1AA0CBB}"
EndProject
Project("{FAE04EC0-301F-11D3-BF4B-00C04F79EFBC}") = "Exercicio7", "Exercicio7\Exercicio7.csproj", "{E48254A2-223F-4964-85E6-C9B6E1F7DA76}"
EndProject
Global
	GlobalSection(SolutionConfigurationPlatforms) = preSolution
		Debug|Any CPU = Debug|Any CPU
		Release|Any CPU = Release|Any CPU
	EndGlobalSection
	GlobalSection(ProjectConfigurationPlatforms) = postSolution
		{0425BD1C-582C-44AC-B26E-D464AF3018C2}.Debug|Any CPU.ActiveCfg = Debug|Any CPU
		{0425BD1C-582C-44AC-B26E-D464AF3018C2}.Debug|Any CPU.Build.0 = Debug|Any CPU
		{0425BD1C-582C-44AC-B26E-D464AF3018C2}.Release|Any CPU.ActiveCfg = Release|Any CPU
		{0425BD1C-582C-44AC-B26E-D464AF3018C2}.Release|Any CPU.Build.0 = Release|Any CPU
		{B935222D-9860-4EB2-8B96-5E3EA3BFA8B9}.Debug|Any CPU.ActiveCfg = Debug|Any CPU
		{B935222D-9860-4EB2-8B96-5E3EA3BFA8B9}.Debug|Any CPU.Build.0 = Debug|Any CPU
		{B935222D-9860-4EB2-8B96-5E3EA3BFA8B9}.Release|Any CPU.ActiveCfg = Release|Any CPU
		{B935222D-9860-4EB2-8B96-5E3EA3BFA8B9}.Release|Any CPU.Build.0 = Release|Any CPU
		{EB275E88-3458-4BFA-84A2-282FC392DAE3}.Debug|Any CPU.ActiveCfg = Debug|Any CPU
		{EB275E88-3458-4BFA-84A2-282FC392DAE3}.Debug|Any CPU.Build.0 = Debug|Any CPU
		{EB275E88-3458-4BFA-84A2-282FC392DAE3}.Release|Any CPU.ActiveCfg = Release|Any CPU
		{EB275E88-3458-4BFA-84A2-282FC392DAE3}.Release|Any CPU.Build.0 = Release|Any CPU
		{FB33CBBD-7CD3-4A8F-B72E-2D0147E39AF8}.Debug|Any CPU.ActiveCfg = Debug|Any CPU
		{FB33CBBD-7CD3-4A8F-B72E-2D0147E39AF8}.Debug|Any CPU.Build.0 = Debug|Any CPU
		{FB33CBBD-7CD3-4A8F-B72E-2D0147E39AF8}.Release|Any CPU.ActiveCfg = Release|Any CPU
		{FB33CBBD-7CD3-4A8F-B72E-2D0147E39AF8}.Release|Any CPU.Build.0 = Release|Any CPU
		{1BB7A086-AECD-4101-8480-0519EE0623C6}.Debug|Any CPU.ActiveCfg = Debug|Any CPU
		{1BB7A086-AECD-4101-8480-0519EE0623C6}.Debug|Any CPU.Build.0 = Debug|Any CPU
		{1BB7A086-AECD-4101-8480-0519EE0623C6}.Release|Any CPU.ActiveCfg = Release|Any CPU
		{1BB7A086-AECD-4101-8480-0519EE0623C6}.Release|Any CPU.Build.0 = Release|Any CPU
		{A6A56336-06FE-4A4C-A578-04BC1B8B0103}.Debug|Any CPU.ActiveCfg = Debug|Any CPU
		{A6A56336-06FE-4A4C-A578-04BC1B8B0103}.Debug|Any CPU.Build.0 = Debug|Any CPU
		{A6A56336-06FE-4A4C-A578-04BC1B8B0103}.Release|Any CPU.ActiveCfg = Release|Any CPU
		{A6A56336-06FE-4A4C-A578-04BC1B8B0103}.Release|Any CPU.Build.0 = Release|Any CPU
		{6E75F24F-99C8-4774-9865-7662B1AA0CBB}.Debug|Any CPU.ActiveCfg = Debug|Any CPU
		{6E75F24F-99C8-4774-9865-7662B1AA0CBB}.Debug|Any CPU.Build.0 = Debug|Any CPU
		{6E75F24F-99C8-4774-9865-7662B1AA0CBB}.Release|Any CPU.ActiveCfg = Release|Any CPU
		{6E75F24F-99C8-4774-9865-7662B1AA0CBB}.Release|Any CPU.Build.0 = Release|Any CPU
		{E48254A2-223F-4964-85E6-C9B6E1F7DA76}.Debug|Any CPU.ActiveCfg = Debug|Any CPU
		{E48254A2-223F-4964-85E6-C9B6E1F7DA76}.Debug|Any CPU.Build.0 = Debug|Any CPU
		{E48254A2-223F-4964-85E6-C9B6E1F7DA76}.Release|Any CPU.ActiveCfg = Release|Any CPU
		{E48254A2-223F-4964-85E6-C9B6E1F7DA76}.Release|Any CPU.Build.0 = Release|Any CPU
	EndGlobalSection
	GlobalSection(SolutionProperties) = preSolution
		HideSolutionNode = FALSE
	EndGlobalSection
	GlobalSection(ExtensibilityGlobals) = postSolution
		SolutionGuid = {6D09F0B2-0BAA-4538-8A2A-AB95383AA4D0}
	EndGlobalSection
EndGlobal
