
Microsoft Visual Studio Solution File, Format Version 12.00
# Visual Studio Version 17
VisualStudioVersion = 17.11.35327.3
MinimumVisualStudioVersion = 10.0.40219.1
Project("{FAE04EC0-301F-11D3-BF4B-00C04F79EFBC}") = "PrimeiroPrograma", "PrimeiroPrograma\PrimeiroPrograma.csproj", "{0425BD1C-582C-44AC-B26E-D464AF3018C2}"
EndProject
Project("{FAE04EC0-301F-11D3-BF4B-00C04F79EFBC}") = "StatusAluno", "StatusAluno\StatusAluno.csproj", "{B935222D-9860-4EB2-8B96-5E3EA3BFA8B9}"
EndProject
Global
	GlobalSection(SolutionConfigurationPlatforms) = preSolution
		Debug|Any CPU = Debug|Any CPU
		Release|Any CPU = Release|Any CPU
	EndGlobalSection
	GlobalSection(ProjectConfigurationPlatforms) = postSolution
		{0425BD1C-582C-44AC-B26E-D464AF3018C2}.Debug|Any CPU.ActiveCfg = Debug|Any CPU
		{0425BD1C-582C-44AC-B26E-D464AF3018C2}.Debug|Any CPU.Build.0 = Debug|Any CPU
		{0425BD1C-582C-44AC-B26E-D464AF3018C2}.Release|Any CPU.ActiveCfg = Release|Any CPU
		{0425BD1C-582C-44AC-B26E-D464AF3018C2}.Release|Any CPU.Build.0 = Release|Any CPU
		{B935222D-9860-4EB2-8B96-5E3EA3BFA8B9}.Debug|Any CPU.ActiveCfg = Debug|Any CPU
		{B935222D-9860-4EB2-8B96-5E3EA3BFA8B9}.Debug|Any CPU.Build.0 = Debug|Any CPU
		{B935222D-9860-4EB2-8B96-5E3EA3BFA8B9}.Release|Any CPU.ActiveCfg = Release|Any CPU
		{B935222D-9860-4EB2-8B96-5E3EA3BFA8B9}.Release|Any CPU.Build.0 = Release|Any CPU
	EndGlobalSection
	GlobalSection(SolutionProperties) = preSolution
		HideSolutionNode = FALSE
	EndGlobalSection
	GlobalSection(ExtensibilityGlobals) = postSolution
		SolutionGuid = {6D09F0B2-0BAA-4538-8A2A-AB95383AA4D0}
	EndGlobalSection
EndGlobal
